# THIS IS AN AUTOGENERATED FILE. DO NOT EDIT THIS FILE DIRECTLY.
# yarn lockfile v1


"@author.io/arg@1.3.22":
  "integrity" "sha512-P8Ov8N4LzVZDwvSjFu+eJVNbEqfIWcXMy7rARG1KNnII8+XSHXnR1JVJfUDgEnJNPPys1w0lV8kN4RPj9xhDHA=="
  "resolved" "https://registry.npmmirror.com/@author.io/arg/-/arg-1.3.22.tgz"
  "version" "1.3.22"

"@babel/parser@^7.16.4":
  "integrity" "sha512-vqUSBLP8dQHFPdPi9bc5GK9vRkYHJ49fsZdtoJ8EQ8ibpwk5rPKfvNIwChB0KVXcIjcepEBBd2VHC5r9Gy8ueg=="
  "resolved" "https://registry.npmmirror.com/@babel/parser/-/parser-7.17.9.tgz"
  "version" "7.17.9"

"@unblockneteasemusic/server@^0.27.0-rc.6":
  "integrity" "sha512-H/dtVM5tmvuYeBhqmLrUo2sbGZKSN1xtZs4Km0rOqsiKkX/vMAlF1gmy61Wnc0hLjL1orY6eHnvRdZV/2hWnvQ=="
  "resolved" "https://registry.npmmirror.com/@unblockneteasemusic/server/-/server-0.27.0-rc.6.tgz"
  "version" "0.27.0-rc.6"
  dependencies:
    "node-windows" "^1.0.0-beta.6"
    "pino" "6.14.0"
    "pino-pretty" "^7.5.3"

"@vitejs/plugin-vue@^2.3.1":
  "integrity" "sha512-YNzBt8+jt6bSwpt7LP890U1UcTOIZZxfpE5WOJ638PNxSEKOqAi0+FSKS0nVeukfdZ0Ai/H7AFd6k3hayfGZqQ=="
  "resolved" "https://registry.npmmirror.com/@vitejs/plugin-vue/-/plugin-vue-2.3.1.tgz"
  "version" "2.3.1"

"@vue/compiler-core@3.2.33":
  "integrity" "sha512-AAmr52ji3Zhk7IKIuigX2osWWsb2nQE5xsdFYjdnmtQ4gymmqXbjLvkSE174+fF3A3kstYrTgGkqgOEbsdLDpw=="
  "resolved" "https://registry.npmmirror.com/@vue/compiler-core/-/compiler-core-3.2.33.tgz"
  "version" "3.2.33"
  dependencies:
    "@babel/parser" "^7.16.4"
    "@vue/shared" "3.2.33"
    "estree-walker" "^2.0.2"
    "source-map" "^0.6.1"

"@vue/compiler-dom@3.2.33":
  "integrity" "sha512-GhiG1C8X98Xz9QUX/RlA6/kgPBWJkjq0Rq6//5XTAGSYrTMBgcLpP9+CnlUg1TFxnnCVughAG+KZl28XJqw8uQ=="
  "resolved" "https://registry.npmmirror.com/@vue/compiler-dom/-/compiler-dom-3.2.33.tgz"
  "version" "3.2.33"
  dependencies:
    "@vue/compiler-core" "3.2.33"
    "@vue/shared" "3.2.33"

"@vue/compiler-sfc@>=3.0.0", "@vue/compiler-sfc@3.2.33":
  "integrity" "sha512-H8D0WqagCr295pQjUYyO8P3IejM3vEzeCO1apzByAEaAR/WimhMYczHfZVvlCE/9yBaEu/eu9RdiWr0kF8b71Q=="
  "resolved" "https://registry.npmmirror.com/@vue/compiler-sfc/-/compiler-sfc-3.2.33.tgz"
  "version" "3.2.33"
  dependencies:
    "@babel/parser" "^7.16.4"
    "@vue/compiler-core" "3.2.33"
    "@vue/compiler-dom" "3.2.33"
    "@vue/compiler-ssr" "3.2.33"
    "@vue/reactivity-transform" "3.2.33"
    "@vue/shared" "3.2.33"
    "estree-walker" "^2.0.2"
    "magic-string" "^0.25.7"
    "postcss" "^8.1.10"
    "source-map" "^0.6.1"

"@vue/compiler-ssr@3.2.33":
  "integrity" "sha512-XQh1Xdk3VquDpXsnoCd7JnMoWec9CfAzQDQsaMcSU79OrrO2PNR0ErlIjm/mGq3GmBfkQjzZACV+7GhfRB8xMQ=="
  "resolved" "https://registry.npmmirror.com/@vue/compiler-ssr/-/compiler-ssr-3.2.33.tgz"
  "version" "3.2.33"
  dependencies:
    "@vue/compiler-dom" "3.2.33"
    "@vue/shared" "3.2.33"

"@vue/devtools-api@^6.0.0":
  "integrity" "sha512-IiA0SvDrJEgXvVxjNkHPFfDx6SXw0b/TUkqMcDZWNg9fnCAHbTpoo59YfJ9QLFkwa3raau5vSlRVzMSLDnfdtQ=="
  "resolved" "https://registry.npmmirror.com/@vue/devtools-api/-/devtools-api-6.1.4.tgz"
  "version" "6.1.4"

"@vue/reactivity-transform@3.2.33":
  "integrity" "sha512-4UL5KOIvSQb254aqenW4q34qMXbfZcmEsV/yVidLUgvwYQQ/D21bGX3DlgPUGI3c4C+iOnNmDCkIxkILoX/Pyw=="
  "resolved" "https://registry.npmmirror.com/@vue/reactivity-transform/-/reactivity-transform-3.2.33.tgz"
  "version" "3.2.33"
  dependencies:
    "@babel/parser" "^7.16.4"
    "@vue/compiler-core" "3.2.33"
    "@vue/shared" "3.2.33"
    "estree-walker" "^2.0.2"
    "magic-string" "^0.25.7"

"@vue/reactivity@3.2.33":
  "integrity" "sha512-62Sq0mp9/0bLmDuxuLD5CIaMG2susFAGARLuZ/5jkU1FCf9EDbwUuF+BO8Ub3Rbodx0ziIecM/NsmyjardBxfQ=="
  "resolved" "https://registry.npmmirror.com/@vue/reactivity/-/reactivity-3.2.33.tgz"
  "version" "3.2.33"
  dependencies:
    "@vue/shared" "3.2.33"

"@vue/runtime-core@3.2.33":
  "integrity" "sha512-N2D2vfaXsBPhzCV3JsXQa2NECjxP3eXgZlFqKh4tgakp3iX6LCGv76DLlc+IfFZq+TW10Y8QUfeihXOupJ1dGw=="
  "resolved" "https://registry.npmmirror.com/@vue/runtime-core/-/runtime-core-3.2.33.tgz"
  "version" "3.2.33"
  dependencies:
    "@vue/reactivity" "3.2.33"
    "@vue/shared" "3.2.33"

"@vue/runtime-dom@3.2.33":
  "integrity" "sha512-LSrJ6W7CZTSUygX5s8aFkraDWlO6K4geOwA3quFF2O+hC3QuAMZt/0Xb7JKE3C4JD4pFwCSO7oCrZmZ0BIJUnw=="
  "resolved" "https://registry.npmmirror.com/@vue/runtime-dom/-/runtime-dom-3.2.33.tgz"
  "version" "3.2.33"
  dependencies:
    "@vue/runtime-core" "3.2.33"
    "@vue/shared" "3.2.33"
    "csstype" "^2.6.8"

"@vue/server-renderer@3.2.33":
  "integrity" "sha512-4jpJHRD4ORv8PlbYi+/MfP8ec1okz6rybe36MdpkDrGIdEItHEUyaHSKvz+ptNEyQpALmmVfRteHkU9F8vxOew=="
  "resolved" "https://registry.npmmirror.com/@vue/server-renderer/-/server-renderer-3.2.33.tgz"
  "version" "3.2.33"
  dependencies:
    "@vue/compiler-ssr" "3.2.33"
    "@vue/shared" "3.2.33"

"@vue/shared@3.2.33":
  "integrity" "sha512-UBc1Pg1T3yZ97vsA2ueER0F6GbJebLHYlEi4ou1H5YL4KWvMOOWwpYo9/QpWq93wxKG6Wo13IY74Hcn/f7c7Bg=="
  "resolved" "https://registry.npmmirror.com/@vue/shared/-/shared-3.2.33.tgz"
  "version" "3.2.33"

"ansi-styles@^3.2.1":
  "integrity" "sha512-VT0ZI6kZRdTh8YyJw3SMbYm/u+NqfsAxEpWO0Pf9sq8/e94WxxOpPKx9FR1FlyCtOVDNOQ+8ntlqFxiRc+r5qA=="
  "resolved" "https://registry.npmmirror.com/ansi-styles/-/ansi-styles-3.2.1.tgz"
  "version" "3.2.1"
  dependencies:
    "color-convert" "^1.9.0"

"args@^5.0.1":
  "integrity" "sha512-h6k/zfFgusnv3i5TU08KQkVKuCPBtL/PWQbWkHUxvJrZ2nAyeaUupneemcrgn1xmqxPQsPIzwkUhOpoqPDRZuA=="
  "resolved" "https://registry.npmmirror.com/args/-/args-5.0.3.tgz"
  "version" "5.0.3"
  dependencies:
    "camelcase" "5.0.0"
    "chalk" "2.4.2"
    "leven" "2.1.0"
    "mri" "1.1.4"

"atomic-sleep@^1.0.0":
  "integrity" "sha512-kNOjDqAh7px0XWNI+4QbzoiR/nTkHAWNud2uvnJquD1/x5a7EQZMJT0AczqK0Qn67oY/TTQ1LbUKajZpp3I9tQ=="
  "resolved" "https://registry.npmmirror.com/atomic-sleep/-/atomic-sleep-1.0.0.tgz"
  "version" "1.0.0"

"axios@^0.26.1":
  "integrity" "sha512-fPwcX4EvnSHuInCMItEhAGnaSEXRBjtzh9fOtsE6E1G6p7vl7edEeZe11QHf18+6+9gR5PbKV/sGKNaD8YaMeA=="
  "resolved" "https://registry.npmmirror.com/axios/-/axios-0.26.1.tgz"
  "version" "0.26.1"
  dependencies:
    "follow-redirects" "^1.14.8"

"camelcase@5.0.0":
  "integrity" "sha512-faqwZqnWxbxn+F1d399ygeamQNy3lPp/H9H6rNrqYh4FSVCtcY+3cub1MxA8o9mDd55mM8Aghuu/kuyYA6VTsA=="
  "resolved" "https://registry.npmmirror.com/camelcase/-/camelcase-5.0.0.tgz"
  "version" "5.0.0"

"chalk@2.4.2":
  "integrity" "sha512-Mti+f9lpJNcwF4tWV8/OrTTtF1gZi+f8FqlyAdouralcFWFQWF2+NgCHShjkCb+IFBLq9buZwE1xckQU4peSuQ=="
  "resolved" "https://registry.npmmirror.com/chalk/-/chalk-2.4.2.tgz"
  "version" "2.4.2"
  dependencies:
    "ansi-styles" "^3.2.1"
    "escape-string-regexp" "^1.0.5"
    "supports-color" "^5.3.0"

"color-convert@^1.9.0":
  "integrity" "sha512-QfAUtd+vFdAtFQcC8CCyYt1fYWxSqAiK2cSD6zDB8N3cpsEBAvRxp9zOGg6G/SHHJYAT88/az/IuDGALsNVbGg=="
  "resolved" "https://registry.npmmirror.com/color-convert/-/color-convert-1.9.3.tgz"
  "version" "1.9.3"
  dependencies:
    "color-name" "1.1.3"

"color-name@1.1.3":
  "integrity" "sha512-72fSenhMw2HZMTVHeCA9KCmpEIbzWiQsjN+BHcBbS9vr1mtt+vJjPdksIBNUmKAW8TFUDPJK5SUU3QhE9NEXDw=="
  "resolved" "https://registry.npmmirror.com/color-name/-/color-name-1.1.3.tgz"
  "version" "1.1.3"

"colorette@^2.0.7":
  "integrity" "sha512-hUewv7oMjCp+wkBv5Rm0v87eJhq4woh5rSR+42YSQJKecCqgIqNkZ6lAlQms/BwHPJA5NKMRlpxPRv0n8HQW6g=="
  "resolved" "https://registry.npmmirror.com/colorette/-/colorette-2.0.16.tgz"
  "version" "2.0.16"

"csstype@^2.6.8":
  "integrity" "sha512-/WwNkdXfckNgw6S5R125rrW8ez139lBHWouiBvX8dfMFtcn6V81REDqnH7+CRpRipfYlyU1CmOnOxrmGcFOjeA=="
  "resolved" "https://registry.npmmirror.com/csstype/-/csstype-2.6.20.tgz"
  "version" "2.6.20"

"dateformat@^4.6.3":
  "integrity" "sha512-2P0p0pFGzHS5EMnhdxQi7aJN+iMheud0UhG4dlE1DLAlvL8JHjJJTX/CSm4JXwV0Ka5nGk3zC5mcb5bUQUxxMA=="
  "resolved" "https://registry.npmmirror.com/dateformat/-/dateformat-4.6.3.tgz"
  "version" "4.6.3"

"duplexify@^4.1.2":
  "integrity" "sha512-fz3OjcNCHmRP12MJoZMPglx8m4rrFP8rovnk4vT8Fs+aonZoCwGg10dSsQsfP/E62eZcPTMSMP6686fu9Qlqtw=="
  "resolved" "https://registry.npmmirror.com/duplexify/-/duplexify-4.1.2.tgz"
  "version" "4.1.2"
  dependencies:
    "end-of-stream" "^1.4.1"
    "inherits" "^2.0.3"
    "readable-stream" "^3.1.1"
    "stream-shift" "^1.0.0"

"end-of-stream@^1.1.0", "end-of-stream@^1.4.1":
  "integrity" "sha512-+uw1inIHVPQoaVuHzRyXd21icM+cnt4CzD5rW+NC1wjOUSTOs+Te7FOv7AhN7vS9x/oIyhLP5PR1H+phQAHu5Q=="
  "resolved" "https://registry.npmmirror.com/end-of-stream/-/end-of-stream-1.4.4.tgz"
  "version" "1.4.4"
  dependencies:
    "once" "^1.4.0"

"esbuild-windows-64@0.14.38":
  "integrity" "sha512-Khy4wVmebnzue8aeSXLC+6clo/hRYeNIm0DyikoEqX+3w3rcvrhzpoix0S+MF9vzh6JFskkIGD7Zx47ODJNyCw=="
  "resolved" "https://registry.npmmirror.com/esbuild-windows-64/-/esbuild-windows-64-0.14.38.tgz"
  "version" "0.14.38"

"esbuild@^0.14.27":
  "integrity" "sha512-12fzJ0fsm7gVZX1YQ1InkOE5f9Tl7cgf6JPYXRJtPIoE0zkWAbHdPHVPPaLi9tYAcEBqheGzqLn/3RdTOyBfcA=="
  "resolved" "https://registry.npmmirror.com/esbuild/-/esbuild-0.14.38.tgz"
  "version" "0.14.38"
  optionalDependencies:
    "esbuild-android-64" "0.14.38"
    "esbuild-android-arm64" "0.14.38"
    "esbuild-darwin-64" "0.14.38"
    "esbuild-darwin-arm64" "0.14.38"
    "esbuild-freebsd-64" "0.14.38"
    "esbuild-freebsd-arm64" "0.14.38"
    "esbuild-linux-32" "0.14.38"
    "esbuild-linux-64" "0.14.38"
    "esbuild-linux-arm" "0.14.38"
    "esbuild-linux-arm64" "0.14.38"
    "esbuild-linux-mips64le" "0.14.38"
    "esbuild-linux-ppc64le" "0.14.38"
    "esbuild-linux-riscv64" "0.14.38"
    "esbuild-linux-s390x" "0.14.38"
    "esbuild-netbsd-64" "0.14.38"
    "esbuild-openbsd-64" "0.14.38"
    "esbuild-sunos-64" "0.14.38"
    "esbuild-windows-32" "0.14.38"
    "esbuild-windows-64" "0.14.38"
    "esbuild-windows-arm64" "0.14.38"

"escape-string-regexp@^1.0.5":
  "integrity" "sha512-vbRorB5FUQWvla16U8R/qgaFIya2qGzwDrNmCZuYKrbdSUMG6I1ZCGQRefkRVhuOkIGVne7BQ35DSfo1qvJqFg=="
  "resolved" "https://registry.npmmirror.com/escape-string-regexp/-/escape-string-regexp-1.0.5.tgz"
  "version" "1.0.5"

"estree-walker@^2.0.2":
  "integrity" "sha512-Rfkk/Mp/DL7JVje3u18FxFujQlTNR2q6QfMSMB7AvCBx91NGj/ba3kCfza0f6dVDbw7YlRf/nDrn7pQrCCyQ/w=="
  "resolved" "https://registry.npmmirror.com/estree-walker/-/estree-walker-2.0.2.tgz"
  "version" "2.0.2"

"fast-redact@^3.0.0":
  "integrity" "sha512-odVmjC8x8jNeMZ3C+rPMESzXVSEU8tSWSHv9HFxP2mm89G/1WwqhrerJDQm9Zus8X6aoRgQDThKqptdNA6bt+A=="
  "resolved" "https://registry.npmmirror.com/fast-redact/-/fast-redact-3.1.1.tgz"
  "version" "3.1.1"

"fast-safe-stringify@^2.0.7", "fast-safe-stringify@^2.0.8":
  "integrity" "sha512-W+KJc2dmILlPplD/H4K9l9LcAHAfPtP6BY84uVLXQ6Evcz9Lcg33Y2z1IVblT6xdY54PXYVHEv+0Wpq8Io6zkA=="
  "resolved" "https://registry.npmmirror.com/fast-safe-stringify/-/fast-safe-stringify-2.1.1.tgz"
  "version" "2.1.1"

"flatstr@^1.0.12":
  "integrity" "sha512-4zPxDyhCyiN2wIAtSLI6gc82/EjqZc1onI4Mz/l0pWrAlsSfYH/2ZIcU+e3oA2wDwbzIWNKwa23F8rh6+DRWkw=="
  "resolved" "https://registry.npmmirror.com/flatstr/-/flatstr-1.0.12.tgz"
  "version" "1.0.12"

"follow-redirects@^1.14.8":
  "integrity" "sha512-MQDfihBQYMcyy5dhRDJUHcw7lb2Pv/TuE6xP1vyraLukNDHKbDxDNaOE3NbCAdKQApno+GPRyo1YAp89yCjK4w=="
  "resolved" "https://registry.npmmirror.com/follow-redirects/-/follow-redirects-1.14.9.tgz"
  "version" "1.14.9"

"function-bind@^1.1.1":
  "integrity" "sha512-yIovAzMX49sF8Yl58fSCWJ5svSLuaibPxXQJFLmBObTuCr0Mf1KiPopGM9NiFjiYBCbfaa2Fh6breQ6ANVTI0A=="
  "resolved" "https://registry.npmmirror.com/function-bind/-/function-bind-1.1.1.tgz"
  "version" "1.1.1"

"has-flag@^3.0.0":
  "integrity" "sha512-sKJf1+ceQBr4SMkvQnBDNDtf4TXpVhVGateu0t918bl30FnbE2m4vNLX+VWe/dpjlb+HugGYzW7uQXH98HPEYw=="
  "resolved" "https://registry.npmmirror.com/has-flag/-/has-flag-3.0.0.tgz"
  "version" "3.0.0"

"has@^1.0.3":
  "integrity" "sha512-f2dvO0VU6Oej7RkWJGrehjbzMAjFp5/VKPp5tTpWIV4JHHZK1/BxbFRtf/siA2SWTe09caDmVtYYzWEIbBS4zw=="
  "resolved" "https://registry.npmmirror.com/has/-/has-1.0.3.tgz"
  "version" "1.0.3"
  dependencies:
    "function-bind" "^1.1.1"

"inherits@^2.0.3":
  "integrity" "sha512-k/vGaX4/Yla3WzyMCvTQOXYeIHvqOKtnqBduzTHpzpQZzAskKMhZ2K+EnBiSM9zGSoIFeMpXKxa4dYeZIQqewQ=="
  "resolved" "https://registry.npmmirror.com/inherits/-/inherits-2.0.4.tgz"
  "version" "2.0.4"

"is-core-module@^2.8.1":
  "integrity" "sha512-+5FPy5PnwmO3lvfMb0AsoPaBG+5KHUI0wYFXOtYPnVVVspTFUuMZNfNaNVRt3FZadstu2c8x23vykRW/NBoU6A=="
  "resolved" "https://registry.npmmirror.com/is-core-module/-/is-core-module-2.9.0.tgz"
  "version" "2.9.0"
  dependencies:
    "has" "^1.0.3"

"joycon@^3.1.1":
  "integrity" "sha512-34wB/Y7MW7bzjKRjUKTa46I2Z7eV62Rkhva+KkopW7Qvv/OSWBqvkSY7vusOPrNuZcUG3tApvdVgNB8POj3SPw=="
  "resolved" "https://registry.npmmirror.com/joycon/-/joycon-3.1.1.tgz"
  "version" "3.1.1"

"leven@2.1.0":
  "integrity" "sha512-nvVPLpIHUxCUoRLrFqTgSxXJ614d8AgQoWl7zPe/2VadE8+1dpU3LBhowRuBAcuwruWtOdD8oYC9jDNJjXDPyA=="
  "resolved" "https://registry.npmmirror.com/leven/-/leven-2.1.0.tgz"
  "version" "2.1.0"

"magic-string@^0.25.7":
  "integrity" "sha512-RmF0AsMzgt25qzqqLc1+MbHmhdx0ojF2Fvs4XnOqz2ZOBXzzkEwc/dJQZCYHAn7v1jbVOjAZfK8msRn4BxO4VQ=="
  "resolved" "https://registry.npmmirror.com/magic-string/-/magic-string-0.25.9.tgz"
  "version" "0.25.9"
  dependencies:
    "sourcemap-codec" "^1.4.8"

"mri@1.1.4":
  "integrity" "sha512-6y7IjGPm8AzlvoUrwAaw1tLnUBudaS3752vcd8JtrpGGQn+rXIe63LFVHm/YMwtqAuh+LJPCFdlLYPWM1nYn6w=="
  "resolved" "https://registry.npmmirror.com/mri/-/mri-1.1.4.tgz"
  "version" "1.1.4"

"nanoid@^3.3.1":
  "integrity" "sha512-p1sjXuopFs0xg+fPASzQ28agW1oHD7xDsd9Xkf3T15H3c/cifrFHVwrh74PdoklAPi+i7MdRsE47vm2r6JoB+w=="
  "resolved" "https://registry.npmmirror.com/nanoid/-/nanoid-3.3.3.tgz"
  "version" "3.3.3"

"node-windows@^1.0.0-beta.6":
  "integrity" "sha512-JnsGjdNmZ9oQZXXUoC7psAFQcyJaMa7cwrfNX+CbZNuPvP3fczVXT5uIO4n56v7jY2814XEtWulYabJUAgbcNA=="
  "resolved" "https://registry.npmmirror.com/node-windows/-/node-windows-1.0.0-beta.7.tgz"
  "version" "1.0.0-beta.7"
  dependencies:
    "@author.io/arg" "1.3.22"
    "xml" "1.0.1"

"on-exit-leak-free@^0.2.0":
  "integrity" "sha512-dqaz3u44QbRXQooZLTUKU41ZrzYrcvLISVgbrzbyCMxpmSLJvZ3ZamIJIZ29P6OhZIkNIQKosdeM6t1LYbA9hg=="
  "resolved" "https://registry.npmmirror.com/on-exit-leak-free/-/on-exit-leak-free-0.2.0.tgz"
  "version" "0.2.0"

"once@^1.3.1", "once@^1.4.0":
  "integrity" "sha512-lNaJgI+2Q5URQBkccEKHTQOPaXdUxnZZElQTZY0MFUAuaEqe1E+Nyvgdz/aIyNi6Z9MzO5dv1H8n58/GELp3+w=="
  "resolved" "https://registry.npmmirror.com/once/-/once-1.4.0.tgz"
  "version" "1.4.0"
  dependencies:
    "wrappy" "1"

"path-parse@^1.0.7":
  "integrity" "sha512-LDJzPVEEEPR+y48z93A0Ed0yXb8pAByGWo/k5YYdYgpY2/2EsOsksJrq7lOHxryrVOn1ejG6oAp8ahvOIQD8sw=="
  "resolved" "https://registry.npmmirror.com/path-parse/-/path-parse-1.0.7.tgz"
  "version" "1.0.7"

"picocolors@^1.0.0":
  "integrity" "sha512-1fygroTLlHu66zi26VoTDv8yRgm0Fccecssto+MhsZ0D/DGW2sm8E8AjW7NU5VVTRt5GxbeZ5qBuJr+HyLYkjQ=="
  "resolved" "https://registry.npmmirror.com/picocolors/-/picocolors-1.0.0.tgz"
  "version" "1.0.0"

"pino-abstract-transport@^0.5.0":
  "integrity" "sha512-+KAgmVeqXYbTtU2FScx1XS3kNyfZ5TrXY07V96QnUSFqo2gAqlvmaxH67Lj7SWazqsMabf+58ctdTcBgnOLUOQ=="
  "resolved" "https://registry.npmmirror.com/pino-abstract-transport/-/pino-abstract-transport-0.5.0.tgz"
  "version" "0.5.0"
  dependencies:
    "duplexify" "^4.1.2"
    "split2" "^4.0.0"

"pino-pretty@^7.5.3":
  "integrity" "sha512-H7N6ZYkiyrfwBGW9CSjx0uyO9Q2Lyt73881+OTYk8v3TiTdgN92QHrWlEq/LeWw5XtDP64jeSk3mnc6T+xX9/w=="
  "resolved" "https://registry.npmmirror.com/pino-pretty/-/pino-pretty-7.6.1.tgz"
  "version" "7.6.1"
  dependencies:
    "args" "^5.0.1"
    "colorette" "^2.0.7"
    "dateformat" "^4.6.3"
    "fast-safe-stringify" "^2.0.7"
    "joycon" "^3.1.1"
    "on-exit-leak-free" "^0.2.0"
    "pino-abstract-transport" "^0.5.0"
    "pump" "^3.0.0"
    "readable-stream" "^3.6.0"
    "rfdc" "^1.3.0"
    "secure-json-parse" "^2.4.0"
    "sonic-boom" "^2.2.0"
    "strip-json-comments" "^3.1.1"

"pino-std-serializers@^3.1.0":
  "integrity" "sha512-EqX4pwDPrt3MuOAAUBMU0Tk5kR/YcCM5fNPEzgCO2zJ5HfX0vbiH9HbJglnyeQsN96Kznae6MWD47pZB5avTrg=="
  "resolved" "https://registry.npmmirror.com/pino-std-serializers/-/pino-std-serializers-3.2.0.tgz"
  "version" "3.2.0"

"pino@6.14.0":
  "integrity" "sha512-iuhEDel3Z3hF9Jfe44DPXR8l07bhjuFY3GMHIXbjnY9XcafbyDDwl2sN2vw2GjMPf5Nkoe+OFao7ffn9SXaKDg=="
  "resolved" "https://registry.npmmirror.com/pino/-/pino-6.14.0.tgz"
  "version" "6.14.0"
  dependencies:
    "fast-redact" "^3.0.0"
    "fast-safe-stringify" "^2.0.8"
    "flatstr" "^1.0.12"
    "pino-std-serializers" "^3.1.0"
    "process-warning" "^1.0.0"
    "quick-format-unescaped" "^4.0.3"
    "sonic-boom" "^1.0.2"

"postcss@^8.1.10", "postcss@^8.4.12":
  "integrity" "sha512-lg6eITwYe9v6Hr5CncVbK70SoioNQIq81nsaG86ev5hAidQvmOeETBqs7jm43K2F5/Ley3ytDtriImV6TpNiSg=="
  "resolved" "https://registry.npmmirror.com/postcss/-/postcss-8.4.12.tgz"
  "version" "8.4.12"
  dependencies:
    "nanoid" "^3.3.1"
    "picocolors" "^1.0.0"
    "source-map-js" "^1.0.2"

"process-warning@^1.0.0":
  "integrity" "sha512-du4wfLyj4yCZq1VupnVSZmRsPJsNuxoDQFdCFHLaYiEbFBD7QE0a+I4D7hOxrVnh78QE/YipFAj9lXHiXocV+Q=="
  "resolved" "https://registry.npmmirror.com/process-warning/-/process-warning-1.0.0.tgz"
  "version" "1.0.0"

"pump@^3.0.0":
  "integrity" "sha512-LwZy+p3SFs1Pytd/jYct4wpv49HiYCqd9Rlc5ZVdk0V+8Yzv6jR5Blk3TRmPL1ft69TxP0IMZGJ+WPFU2BFhww=="
  "resolved" "https://registry.npmmirror.com/pump/-/pump-3.0.0.tgz"
  "version" "3.0.0"
  dependencies:
    "end-of-stream" "^1.1.0"
    "once" "^1.3.1"

"quick-format-unescaped@^4.0.3":
  "integrity" "sha512-tYC1Q1hgyRuHgloV/YXs2w15unPVh8qfu/qCTfhTYamaw7fyhumKa2yGpdSo87vY32rIclj+4fWYQXUMs9EHvg=="
  "resolved" "https://registry.npmmirror.com/quick-format-unescaped/-/quick-format-unescaped-4.0.4.tgz"
  "version" "4.0.4"

"readable-stream@^3.1.1", "readable-stream@^3.6.0":
  "integrity" "sha512-BViHy7LKeTz4oNnkcLJ+lVSL6vpiFeX6/d3oSH8zCW7UxP2onchk+vTGB143xuFjHS3deTgkKoXXymXqymiIdA=="
  "resolved" "https://registry.npmmirror.com/readable-stream/-/readable-stream-3.6.0.tgz"
  "version" "3.6.0"
  dependencies:
    "inherits" "^2.0.3"
    "string_decoder" "^1.1.1"
    "util-deprecate" "^1.0.1"

"resolve@^1.22.0":
  "integrity" "sha512-Hhtrw0nLeSrFQ7phPp4OOcVjLPIeMnRlr5mcnVuMe7M/7eBn98A3hmFRLoFo3DLZkivSYwhRUJTyPyWAk56WLw=="
  "resolved" "https://registry.npmmirror.com/resolve/-/resolve-1.22.0.tgz"
  "version" "1.22.0"
  dependencies:
    "is-core-module" "^2.8.1"
    "path-parse" "^1.0.7"
    "supports-preserve-symlinks-flag" "^1.0.0"

"rfdc@^1.3.0":
  "integrity" "sha512-V2hovdzFbOi77/WajaSMXk2OLm+xNIeQdMMuB7icj7bk6zi2F8GGAxigcnDFpJHbNyNcgyJDiP+8nOrY5cZGrA=="
  "resolved" "https://registry.npmmirror.com/rfdc/-/rfdc-1.3.0.tgz"
  "version" "1.3.0"

"rollup@^2.59.0":
  "integrity" "sha512-EitogNZnfku65I1DD5Mxe8JYRUCy0hkK5X84IlDtUs+O6JRMpRciXTzyCUuX11b5L5pvjH+OmFXiQ3XjabcXgg=="
  "resolved" "https://registry.npmmirror.com/rollup/-/rollup-2.70.2.tgz"
  "version" "2.70.2"
  optionalDependencies:
    "fsevents" "~2.3.2"

"safe-buffer@~5.2.0":
  "integrity" "sha512-rp3So07KcdmmKbGvgaNxQSJr7bGVSVk5S9Eq1F+ppbRo70+YeaDxkw5Dd8NPN+GD6bjnYm2VuPuCXmpuYvmCXQ=="
  "resolved" "https://registry.npmmirror.com/safe-buffer/-/safe-buffer-5.2.1.tgz"
  "version" "5.2.1"

"secure-json-parse@^2.4.0":
  "integrity" "sha512-Q5Z/97nbON5t/L/sH6mY2EacfjVGwrCcSi5D3btRO2GZ8pf1K1UN7Z9H5J57hjVU2Qzxr1xO+FmBhOvEkzCMmg=="
  "resolved" "https://registry.npmmirror.com/secure-json-parse/-/secure-json-parse-2.4.0.tgz"
  "version" "2.4.0"

"sonic-boom@^1.0.2":
  "integrity" "sha512-LRHh/A8tpW7ru89lrlkU4AszXt1dbwSjVWguGrmlxE7tawVmDBlI1PILMkXAxJTwqhgsEeTHzj36D5CmHgQmNg=="
  "resolved" "https://registry.npmmirror.com/sonic-boom/-/sonic-boom-1.4.1.tgz"
  "version" "1.4.1"
  dependencies:
    "atomic-sleep" "^1.0.0"
    "flatstr" "^1.0.12"

"sonic-boom@^2.2.0":
  "integrity" "sha512-kuonw1YOYYNOve5iHdSahXPOK49GqwA+LZhI6Wz/l0rP57iKyXXIHaRagOBHAPmGwJC6od2Z9zgvZ5loSgMlVg=="
  "resolved" "https://registry.npmmirror.com/sonic-boom/-/sonic-boom-2.8.0.tgz"
  "version" "2.8.0"
  dependencies:
    "atomic-sleep" "^1.0.0"

"source-map-js@^1.0.2":
  "integrity" "sha512-R0XvVJ9WusLiqTCEiGCmICCMplcCkIwwR11mOSD9CR5u+IXYdiseeEuXCVAjS54zqwkLcPNnmU4OeJ6tUrWhDw=="
  "resolved" "https://registry.npmmirror.com/source-map-js/-/source-map-js-1.0.2.tgz"
  "version" "1.0.2"

"source-map@^0.6.1":
  "integrity" "sha512-UjgapumWlbMhkBgzT7Ykc5YXUT46F0iKu8SGXq0bcwP5dz/h0Plj6enJqjz1Zbq2l5WaqYnrVbwWOWMyF3F47g=="
  "resolved" "https://registry.npmmirror.com/source-map/-/source-map-0.6.1.tgz"
  "version" "0.6.1"

"sourcemap-codec@^1.4.8":
  "integrity" "sha512-9NykojV5Uih4lgo5So5dtw+f0JgJX30KCNI8gwhz2J9A15wD0Ml6tjHKwf6fTSa6fAdVBdZeNOs9eJ71qCk8vA=="
  "resolved" "https://registry.npmmirror.com/sourcemap-codec/-/sourcemap-codec-1.4.8.tgz"
  "version" "1.4.8"

"split2@^4.0.0":
  "integrity" "sha512-VBiJxFkxiXRlUIeyMQi8s4hgvKCSjtknJv/LVYbrgALPwf5zSKmEwV9Lst25AkvMDnvxODugjdl6KZgwKM1WYQ=="
  "resolved" "https://registry.npmmirror.com/split2/-/split2-4.1.0.tgz"
  "version" "4.1.0"

"stream-shift@^1.0.0":
  "integrity" "sha512-AiisoFqQ0vbGcZgQPY1cdP2I76glaVA/RauYR4G4thNFgkTqr90yXTo4LYX60Jl+sIlPNHHdGSwo01AvbKUSVQ=="
  "resolved" "https://registry.npmmirror.com/stream-shift/-/stream-shift-1.0.1.tgz"
  "version" "1.0.1"

"string_decoder@^1.1.1":
  "integrity" "sha512-hkRX8U1WjJFd8LsDJ2yQ/wWWxaopEsABU1XfkM8A+j0+85JAGppt16cr1Whg6KIbb4okU6Mql6BOj+uup/wKeA=="
  "resolved" "https://registry.npmmirror.com/string_decoder/-/string_decoder-1.3.0.tgz"
  "version" "1.3.0"
  dependencies:
    "safe-buffer" "~5.2.0"

"strip-json-comments@^3.1.1":
  "integrity" "sha512-6fPc+R4ihwqP6N/aIv2f1gMH8lOVtWQHoqC4yK6oSDVVocumAsfCqjkXnqiYMhmMwS/mEHLp7Vehlt3ql6lEig=="
  "resolved" "https://registry.npmmirror.com/strip-json-comments/-/strip-json-comments-3.1.1.tgz"
  "version" "3.1.1"

"supports-color@^5.3.0":
  "integrity" "sha512-QjVjwdXIt408MIiAqCX4oUKsgU2EqAGzs2Ppkm4aQYbjm+ZEWEcW4SfFNTr4uMNZma0ey4f5lgLrkB0aX0QMow=="
  "resolved" "https://registry.npmmirror.com/supports-color/-/supports-color-5.5.0.tgz"
  "version" "5.5.0"
  dependencies:
    "has-flag" "^3.0.0"

"supports-preserve-symlinks-flag@^1.0.0":
  "integrity" "sha512-ot0WnXS9fgdkgIcePe6RHNk1WA8+muPa6cSjeR3V8K27q9BB1rTE3R1p7Hv0z1ZyAc8s6Vvv8DIyWf681MAt0w=="
  "resolved" "https://registry.npmmirror.com/supports-preserve-symlinks-flag/-/supports-preserve-symlinks-flag-1.0.0.tgz"
  "version" "1.0.0"

"util-deprecate@^1.0.1":
  "integrity" "sha512-EPD5q1uXyFxJpCrLnCc1nHnq3gOa6DZBocAIiI2TaSCA7VCJ1UJDMagCzIkXNsUYfD1daK//LTEQ8xiIbrHtcw=="
  "resolved" "https://registry.npmmirror.com/util-deprecate/-/util-deprecate-1.0.2.tgz"
  "version" "1.0.2"

"vite@^2.5.10", "vite@^2.9.5":
  "integrity" "sha512-dvMN64X2YEQgSXF1lYabKXw3BbN6e+BL67+P3Vy4MacnY+UzT1AfkHiioFSi9+uiDUiaDy7Ax/LQqivk6orilg=="
  "resolved" "https://registry.npmmirror.com/vite/-/vite-2.9.5.tgz"
  "version" "2.9.5"
  dependencies:
    "esbuild" "^0.14.27"
    "postcss" "^8.4.12"
    "resolve" "^1.22.0"
    "rollup" "^2.59.0"
  optionalDependencies:
    "fsevents" "~2.3.2"

"vue-router@^4.0.14":
  "integrity" "sha512-wAO6zF9zxA3u+7AkMPqw9LjoUCjSxfFvINQj3E/DceTt6uEz1XZLraDhdg2EYmvVwTBSGlLYsUw8bDmx0754Mw=="
  "resolved" "https://registry.npmmirror.com/vue-router/-/vue-router-4.0.14.tgz"
  "version" "4.0.14"
  dependencies:
    "@vue/devtools-api" "^6.0.0"

"vue@^3.2.0", "vue@^3.2.25", "vue@^3.2.33", "vue@>=3.0.0", "vue@3.2.33":
  "integrity" "sha512-si1ExAlDUrLSIg/V7D/GgA4twJwfsfgG+t9w10z38HhL/HA07132pUQ2KuwAo8qbCyMJ9e6OqrmWrOCr+jW7ZQ=="
  "resolved" "https://registry.npmmirror.com/vue/-/vue-3.2.33.tgz"
  "version" "3.2.33"
  dependencies:
    "@vue/compiler-dom" "3.2.33"
    "@vue/compiler-sfc" "3.2.33"
    "@vue/runtime-dom" "3.2.33"
    "@vue/server-renderer" "3.2.33"
    "@vue/shared" "3.2.33"

"vue3-lazyload@^0.2.5-beta":
  "integrity" "sha512-GVhJfL9Hcu+AvWsYmUwODivvt+gzpT0ztgAzZaUduoiTaGCv/qzhr0VwAQXfjGF3XFYFyOJsHlAi3/WE0P8XTQ=="
  "resolved" "https://registry.npmmirror.com/vue3-lazyload/-/vue3-lazyload-0.2.5-beta.tgz"
  "version" "0.2.5-beta"

"wrappy@1":
  "integrity" "sha512-l4Sp/DRseor9wL6EvV2+TuQn63dMkPjZ/sp9XkghTEbV9KlPS1xUsZ3u7/IQO4wxtcFB4bgpQPRcR3QCvezPcQ=="
  "resolved" "https://registry.npmmirror.com/wrappy/-/wrappy-1.0.2.tgz"
  "version" "1.0.2"

"xml@1.0.1":
  "integrity" "sha512-huCv9IH9Tcf95zuYCsQraZtWnJvBtLVE0QHMOs8bWyZAFZNDcYjsPq1nEx8jKA9y+Beo9v+7OBPRisQTjinQMw=="
  "resolved" "https://registry.npmmirror.com/xml/-/xml-1.0.1.tgz"
  "version" "1.0.1"
